
Microsoft Visual Studio Solution File, Format Version 12.00
# Visual Studio 15
VisualStudioVersion = 15.0.28010.2003
MinimumVisualStudioVersion = 10.0.40219.1
Project("{FAE04EC0-301F-11D3-BF4B-00C04F79EFBC}") = "OGL", "OGL\OGL.csproj", "{ADE56AB9-542B-4E85-94F6-AF738CD7A460}"
EndProject
Project("{FAE04EC0-301F-11D3-BF4B-00C04F79EFBC}") = "OGL.Tests", "OGL.Tests\OGL.Tests.csproj", "{92D16FF8-001B-4EFA-A72E-47BD144989A1}"
EndProject
Project("{FAE04EC0-301F-11D3-BF4B-00C04F79EFBC}") = "Repozytorium", "Repozytorium\Repozytorium.csproj", "{B856E77A-B2D4-4C33-B42B-1C6B495973B7}"
EndProject
Project("{2150E333-8FDC-42A3-9474-1A3956D46DE8}") = "Libs", "Libs", "{7E227820-5B16-40F4-9480-147EBECD737C}"
EndProject
Project("{2150E333-8FDC-42A3-9474-1A3956D46DE8}") = "Solution Items", "Solution Items", "{CD0AD3EF-BCE1-4757-8874-DB4B0E9906BD}"
	ProjectSection(SolutionItems) = preProject
		_ProblemLogger.txt = _ProblemLogger.txt
	EndProjectSection
EndProject
Global
	GlobalSection(SolutionConfigurationPlatforms) = preSolution
		Debug|Any CPU = Debug|Any CPU
		Release|Any CPU = Release|Any CPU
	EndGlobalSection
	GlobalSection(ProjectConfigurationPlatforms) = postSolution
		{ADE56AB9-542B-4E85-94F6-AF738CD7A460}.Debug|Any CPU.ActiveCfg = Debug|Any CPU
		{ADE56AB9-542B-4E85-94F6-AF738CD7A460}.Debug|Any CPU.Build.0 = Debug|Any CPU
		{ADE56AB9-542B-4E85-94F6-AF738CD7A460}.Release|Any CPU.ActiveCfg = Release|Any CPU
		{ADE56AB9-542B-4E85-94F6-AF738CD7A460}.Release|Any CPU.Build.0 = Release|Any CPU
		{92D16FF8-001B-4EFA-A72E-47BD144989A1}.Debug|Any CPU.ActiveCfg = Debug|Any CPU
		{92D16FF8-001B-4EFA-A72E-47BD144989A1}.Debug|Any CPU.Build.0 = Debug|Any CPU
		{92D16FF8-001B-4EFA-A72E-47BD144989A1}.Release|Any CPU.ActiveCfg = Release|Any CPU
		{92D16FF8-001B-4EFA-A72E-47BD144989A1}.Release|Any CPU.Build.0 = Release|Any CPU
		{B856E77A-B2D4-4C33-B42B-1C6B495973B7}.Debug|Any CPU.ActiveCfg = Debug|Any CPU
		{B856E77A-B2D4-4C33-B42B-1C6B495973B7}.Debug|Any CPU.Build.0 = Debug|Any CPU
		{B856E77A-B2D4-4C33-B42B-1C6B495973B7}.Release|Any CPU.ActiveCfg = Release|Any CPU
		{B856E77A-B2D4-4C33-B42B-1C6B495973B7}.Release|Any CPU.Build.0 = Release|Any CPU
	EndGlobalSection
	GlobalSection(SolutionProperties) = preSolution
		HideSolutionNode = FALSE
	EndGlobalSection
	GlobalSection(NestedProjects) = preSolution
		{B856E77A-B2D4-4C33-B42B-1C6B495973B7} = {7E227820-5B16-40F4-9480-147EBECD737C}
	EndGlobalSection
	GlobalSection(ExtensibilityGlobals) = postSolution
		SolutionGuid = {33B7F968-F2DE-44F6-A036-1FBF4F0C12E5}
	EndGlobalSection
EndGlobal
